
Microsoft Visual Studio Solution File, Format Version 12.00
# Visual Studio Version 16
VisualStudioVersion = 16.0.29519.87
MinimumVisualStudioVersion = 10.0.40219.1
Project("{9A19103F-16F7-4668-BE54-9A1E7A4F7556}") = "Creatures", "Creatures\Creatures.csproj", "{920FBCD7-7517-431C-821E-D1583987527D}"
EndProject
Project("{9A19103F-16F7-4668-BE54-9A1E7A4F7556}") = "Creatures.Tests.Unit", "Creatures.Tests\Unit\Creatures.Tests.Unit.csproj", "{061C39A4-1C04-4B5D-8C71-5408745076D6}"
EndProject
Project("{FAE04EC0-301F-11D3-BF4B-00C04F79EFBC}") = "Creatures.Tests.Integration", "Creatures.Tests\Integration\Creatures.Tests.Integration.csproj", "{37ECD6C0-8089-4F4E-ABE8-2118928702E6}"
EndProject
Global
	GlobalSection(SolutionConfigurationPlatforms) = preSolution
		Debug|Any CPU = Debug|Any CPU
		Release|Any CPU = Release|Any CPU
	EndGlobalSection
	GlobalSection(ProjectConfigurationPlatforms) = postSolution
		{920FBCD7-7517-431C-821E-D1583987527D}.Debug|Any CPU.ActiveCfg = Debug|Any CPU
		{920FBCD7-7517-431C-821E-D1583987527D}.Debug|Any CPU.Build.0 = Debug|Any CPU
		{920FBCD7-7517-431C-821E-D1583987527D}.Release|Any CPU.ActiveCfg = Release|Any CPU
		{920FBCD7-7517-431C-821E-D1583987527D}.Release|Any CPU.Build.0 = Release|Any CPU
		{061C39A4-1C04-4B5D-8C71-5408745076D6}.Debug|Any CPU.ActiveCfg = Debug|Any CPU
		{061C39A4-1C04-4B5D-8C71-5408745076D6}.Debug|Any CPU.Build.0 = Debug|Any CPU
		{061C39A4-1C04-4B5D-8C71-5408745076D6}.Release|Any CPU.ActiveCfg = Release|Any CPU
		{061C39A4-1C04-4B5D-8C71-5408745076D6}.Release|Any CPU.Build.0 = Release|Any CPU
		{37ECD6C0-8089-4F4E-ABE8-2118928702E6}.Debug|Any CPU.ActiveCfg = Debug|Any CPU
		{37ECD6C0-8089-4F4E-ABE8-2118928702E6}.Debug|Any CPU.Build.0 = Debug|Any CPU
		{37ECD6C0-8089-4F4E-ABE8-2118928702E6}.Release|Any CPU.ActiveCfg = Release|Any CPU
		{37ECD6C0-8089-4F4E-ABE8-2118928702E6}.Release|Any CPU.Build.0 = Release|Any CPU
	EndGlobalSection
	GlobalSection(SolutionProperties) = preSolution
		HideSolutionNode = FALSE
	EndGlobalSection
	GlobalSection(ExtensibilityGlobals) = postSolution
		SolutionGuid = {632E21CC-19BA-4022-8155-E98B5946014C}
	EndGlobalSection
EndGlobal
